
Microsoft Visual Studio Solution File, Format Version 12.00
# Visual Studio Version 16
VisualStudioVersion = 16.0.33927.289
MinimumVisualStudioVersion = 10.0.40219.1
Project("{FAE04EC0-301F-11D3-BF4B-00C04F79EFBC}") = "testSport", "testSport\testSport.csproj", "{4F601B1D-7447-4DCE-AA4B-6891BD61A81D}"
EndProject
Global
	GlobalSection(SolutionConfigurationPlatforms) = preSolution
		Debug|Any CPU = Debug|Any CPU
		Release|Any CPU = Release|Any CPU
	EndGlobalSection
	GlobalSection(ProjectConfigurationPlatforms) = postSolution
		{4F601B1D-7447-4DCE-AA4B-6891BD61A81D}.Debug|Any CPU.ActiveCfg = Debug|Any CPU
		{4F601B1D-7447-4DCE-AA4B-6891BD61A81D}.Debug|Any CPU.Build.0 = Debug|Any CPU
		{4F601B1D-7447-4DCE-AA4B-6891BD61A81D}.Release|Any CPU.ActiveCfg = Release|Any CPU
		{4F601B1D-7447-4DCE-AA4B-6891BD61A81D}.Release|Any CPU.Build.0 = Release|Any CPU
	EndGlobalSection
	GlobalSection(SolutionProperties) = preSolution
		HideSolutionNode = FALSE
	EndGlobalSection
	GlobalSection(ExtensibilityGlobals) = postSolution
		SolutionGuid = {E4B4A127-34F5-464A-939F-6FB434FF4DAF}
	EndGlobalSection
EndGlobal
